
Microsoft Visual Studio Solution File, Format Version 12.00
# Visual Studio Version 17
VisualStudioVersion = 17.11.35327.3
MinimumVisualStudioVersion = 10.0.40219.1
Project("{FAE04EC0-301F-11D3-BF4B-00C04F79EFBC}") = "DesafiosTagert", "DesafiosTagert.csproj", "{E8522636-1D73-485E-ADDF-4B37B802620C}"
EndProject
Global
	GlobalSection(SolutionConfigurationPlatforms) = preSolution
		Debug|Any CPU = Debug|Any CPU
		Release|Any CPU = Release|Any CPU
	EndGlobalSection
	GlobalSection(ProjectConfigurationPlatforms) = postSolution
		{E8522636-1D73-485E-ADDF-4B37B802620C}.Debug|Any CPU.ActiveCfg = Debug|Any CPU
		{E8522636-1D73-485E-ADDF-4B37B802620C}.Debug|Any CPU.Build.0 = Debug|Any CPU
		{E8522636-1D73-485E-ADDF-4B37B802620C}.Release|Any CPU.ActiveCfg = Release|Any CPU
		{E8522636-1D73-485E-ADDF-4B37B802620C}.Release|Any CPU.Build.0 = Release|Any CPU
	EndGlobalSection
	GlobalSection(SolutionProperties) = preSolution
		HideSolutionNode = FALSE
	EndGlobalSection
	GlobalSection(ExtensibilityGlobals) = postSolution
		SolutionGuid = {60829CDF-71E5-48F9-B7BE-EBD7893DDE51}
	EndGlobalSection
EndGlobal
